Microsoft Visual Studio Solution File, Format Version 12.00
# Visual Studio Version 17
VisualStudioVersion = 17.5.2.0
MinimumVisualStudioVersion = 10.0.40219.1
Project("{FAE04EC0-301F-11D3-BF4B-00C04F79EFBC}") = "TicTacToe.Client", "TicTacToe.Client\TicTacToe.Client.csproj", "{95D8852A-A100-F49E-52C6-F0AFEED5F46A}"
EndProject
Project("{FAE04EC0-301F-11D3-BF4B-00C04F79EFBC}") = "TicTacToe.Server", "TicTacToe.Server\TicTacToe.Server.csproj", "{D348EC0F-3CE1-CFA3-3D1B-0EE2A185F8D9}"
EndProject
Global
	GlobalSection(SolutionConfigurationPlatforms) = preSolution
		Debug|Any CPU = Debug|Any CPU
		Release|Any CPU = Release|Any CPU
	EndGlobalSection
	GlobalSection(ProjectConfigurationPlatforms) = postSolution
		{95D8852A-A100-F49E-52C6-F0AFEED5F46A}.Debug|Any CPU.ActiveCfg = Debug|Any CPU
		{95D8852A-A100-F49E-52C6-F0AFEED5F46A}.Debug|Any CPU.Build.0 = Debug|Any CPU
		{95D8852A-A100-F49E-52C6-F0AFEED5F46A}.Release|Any CPU.ActiveCfg = Release|Any CPU
		{95D8852A-A100-F49E-52C6-F0AFEED5F46A}.Release|Any CPU.Build.0 = Release|Any CPU
		{D348EC0F-3CE1-CFA3-3D1B-0EE2A185F8D9}.Debug|Any CPU.ActiveCfg = Debug|Any CPU
		{D348EC0F-3CE1-CFA3-3D1B-0EE2A185F8D9}.Debug|Any CPU.Build.0 = Debug|Any CPU
		{D348EC0F-3CE1-CFA3-3D1B-0EE2A185F8D9}.Release|Any CPU.ActiveCfg = Release|Any CPU
		{D348EC0F-3CE1-CFA3-3D1B-0EE2A185F8D9}.Release|Any CPU.Build.0 = Release|Any CPU
	EndGlobalSection
	GlobalSection(SolutionProperties) = preSolution
		HideSolutionNode = FALSE
	EndGlobalSection
	GlobalSection(ExtensibilityGlobals) = postSolution
		SolutionGuid = {2BD227D7-AFEF-4EDB-9C57-36238434418B}
	EndGlobalSection
EndGlobal
